
Microsoft Visual Studio Solution File, Format Version 12.00
# Visual Studio Version 16
VisualStudioVersion = 16.0.30517.126
MinimumVisualStudioVersion = 10.0.40219.1
Project("{9A19103F-16F7-4668-BE54-9A1E7A4F7556}") = "TestCentral", "TestCentral.csproj", "{96E6D622-0F31-445A-8BD6-2857645FE456}"
EndProject
Global
	GlobalSection(SolutionConfigurationPlatforms) = preSolution
		Debug|Any CPU = Debug|Any CPU
		Release|Any CPU = Release|Any CPU
	EndGlobalSection
	GlobalSection(ProjectConfigurationPlatforms) = postSolution
		{96E6D622-0F31-445A-8BD6-2857645FE456}.Debug|Any CPU.ActiveCfg = Debug|Any CPU
		{96E6D622-0F31-445A-8BD6-2857645FE456}.Debug|Any CPU.Build.0 = Debug|Any CPU
		{96E6D622-0F31-445A-8BD6-2857645FE456}.Release|Any CPU.ActiveCfg = Release|Any CPU
		{96E6D622-0F31-445A-8BD6-2857645FE456}.Release|Any CPU.Build.0 = Release|Any CPU
	EndGlobalSection
	GlobalSection(SolutionProperties) = preSolution
		HideSolutionNode = FALSE
	EndGlobalSection
	GlobalSection(ExtensibilityGlobals) = postSolution
		SolutionGuid = {83BCF5BD-D7C6-4973-A4EA-2F05D654C909}
	EndGlobalSection
EndGlobal
